{
  "nodes": {
    "haumea": {
      "inputs": {
        "nixpkgs": [
          "nixlib"
        ]
      },
      "locked": {
        "lastModified": 1681176209,
        "narHash": "sha256-bJLDun6esIyWtwRVXcsgzGbh4UKu8wJDrPgykqPyzmg=",
        "owner": "nix-community",
        "repo": "haumea",
        "rev": "b915b66b27da3a595d77b139e945bb0a2fcac926",
        "type": "github"
      },
      "original": {
        "owner": "nix-community",
        "repo": "haumea",
        "type": "github"
      }
    },
    "namaka": {
      "inputs": {
        "haumea": [
          "haumea"
        ],
        "nixpkgs": [
          "nixlib"
        ]
      },
      "locked": {
        "lastModified": 1683059428,
        "narHash": "sha256-ZTMqleCWmuNWhZE375gtF1j1JRkaKEUFN1AM43e7h4Y=",
        "owner": "nix-community",
        "repo": "namaka",
        "rev": "2deba2f416454aec770bc1cc7365e39c73e6b1d7",
        "type": "github"
      },
      "original": {
        "owner": "nix-community",
        "ref": "v0.1.1",
        "repo": "namaka",
        "type": "github"
      }
    },
    "nixlib": {
      "locked": {
        "lastModified": 1681001314,
        "narHash": "sha256-5sDnCLdrKZqxLPK4KA8+f4A3YKO/u6ElpMILvX0g72c=",
        "owner": "nix-community",
        "repo": "nixpkgs.lib",
        "rev": "367c0e1086a4eb4502b24d872cea2c7acdd557f4",
        "type": "github"
      },
      "original": {
        "owner": "nix-community",
        "repo": "nixpkgs.lib",
        "type": "github"
      }
    },
    "root": {
      "inputs": {
        "haumea": "haumea",
        "namaka": "namaka",
        "nixlib": "nixlib",
        "yants": "yants"
      }
    },
    "yants": {
      "inputs": {
        "nixpkgs": [
          "nixlib"
        ]
      },
      "locked": {
        "lastModified": 1677285314,
        "narHash": "sha256-hlAcg2514zKrPu8jn24BUsIjjvXvCLdw1jvKgBTpqko=",
        "owner": "divnix",
        "repo": "yants",
        "rev": "9eab24b273ce021406c852166c216b86e2bb4ec4",
        "type": "github"
      },
      "original": {
        "owner": "divnix",
        "repo": "yants",
        "type": "github"
      }
    }
  },
  "root": "root",
  "version": 7
}
